
Microsoft Visual Studio Solution File, Format Version 12.00
# Visual Studio Version 17
VisualStudioVersion = 17.14.36310.24 d17.14
MinimumVisualStudioVersion = 10.0.40219.1
Project("{8BC9CEB8-8B4A-11D0-8D11-00A0C91BC942}") = "MetalStripVision", "MetalStripVision\MetalStripVision.vcxproj", "{061CD708-BE91-4318-933D-DBCF7D168176}"
EndProject
Global
	GlobalSection(SolutionConfigurationPlatforms) = preSolution
		Debug|x64 = Debug|x64
		Release|x64 = Release|x64
	EndGlobalSection
	GlobalSection(ProjectConfigurationPlatforms) = postSolution
		{061CD708-BE91-4318-933D-DBCF7D168176}.Debug|x64.ActiveCfg = Debug|x64
		{061CD708-BE91-4318-933D-DBCF7D168176}.Debug|x64.Build.0 = Debug|x64
		{061CD708-BE91-4318-933D-DBCF7D168176}.Release|x64.ActiveCfg = Release|x64
		{061CD708-BE91-4318-933D-DBCF7D168176}.Release|x64.Build.0 = Release|x64
	EndGlobalSection
	GlobalSection(SolutionProperties) = preSolution
		HideSolutionNode = FALSE
	EndGlobalSection
	GlobalSection(ExtensibilityGlobals) = postSolution
		SolutionGuid = {6E5BCE2E-2CAF-4B4B-8EFC-4840DD88D06D}
	EndGlobalSection
EndGlobal
